// !$*UTF8*$!
{
	archiveVersion = 1;
	classes = {
	};
	objectVersion = 55;
	objects = {

/* Begin PBXBuildFile section */
		3A4282CD289D8D9C001BFCCA /* AppDelegate.m in Sources */ = {isa = PBXBuildFile; fileRef = 3A4282CC289D8D9C001BFCCA /* AppDelegate.m */; };
		3A4282D8289D8D9D001BFCCA /* Assets.xcassets in Resources */ = {isa = PBXBuildFile; fileRef = 3A4282D7289D8D9D001BFCCA /* Assets.xcassets */; };
		3A4282DB289D8D9D001BFCCA /* LaunchScreen.storyboard in Resources */ = {isa = PBXBuildFile; fileRef = 3A4282D9289D8D9D001BFCCA /* LaunchScreen.storyboard */; };
		3A4282DE289D8D9D001BFCCA /* main.m in Sources */ = {isa = PBXBuildFile; fileRef = 3A4282DD289D8D9D001BFCCA /* main.m */; };
		3A4282E7289D8DFD001BFCCA /* ViewController.m in Sources */ = {isa = PBXBuildFile; fileRef = 3A4282E5289D8DFD001BFCCA /* ViewController.m */; };
		3A4282E8289D8DFD001BFCCA /* ViewController.xib in Resources */ = {isa = PBXBuildFile; fileRef = 3A4282E6289D8DFD001BFCCA /* ViewController.xib */; };
		3A4282EB289D92EF001BFCCA /* Replace.m in Sources */ = {isa = PBXBuildFile; fileRef = 3A4282EA289D92EF001BFCCA /* Replace.m */; };
/* End PBXBuildFile section */

/* Begin PBXFileReference section */
		3A4282C8289D8D9C001BFCCA /* TargetForInjectDyld.app */ = {isa = PBXFileReference; explicitFileType = wrapper.application; includeInIndex = 0; path = TargetForInjectDyld.app; sourceTree = BUILT_PRODUCTS_DIR; };
		3A4282CB289D8D9C001BFCCA /* AppDelegate.h */ = {isa = PBXFileReference; lastKnownFileType = sourcecode.c.h; path = AppDelegate.h; sourceTree = "<group>"; };
		3A4282CC289D8D9C001BFCCA /* AppDelegate.m */ = {isa = PBXFileReference; lastKnownFileType = sourcecode.c.objc; path = AppDelegate.m; sourceTree = "<group>"; };
		3A4282D7289D8D9D001BFCCA /* Assets.xcassets */ = {isa = PBXFileReference; lastKnownFileType = folder.assetcatalog; path = Assets.xcassets; sourceTree = "<group>"; };
		3A4282DA289D8D9D001BFCCA /* Base */ = {isa = PBXFileReference; lastKnownFileType = file.storyboard; name = Base; path = Base.lproj/LaunchScreen.storyboard; sourceTree = "<group>"; };
		3A4282DC289D8D9D001BFCCA /* Info.plist */ = {isa = PBXFileReference; lastKnownFileType = text.plist.xml; path = Info.plist; sourceTree = "<group>"; };
		3A4282DD289D8D9D001BFCCA /* main.m */ = {isa = PBXFileReference; lastKnownFileType = sourcecode.c.objc; path = main.m; sourceTree = "<group>"; };
		3A4282E4289D8DFD001BFCCA /* ViewController.h */ = {isa = PBXFileReference; lastKnownFileType = sourcecode.c.h; path = ViewController.h; sourceTree = "<group>"; };
		3A4282E5289D8DFD001BFCCA /* ViewController.m */ = {isa = PBXFileReference; lastKnownFileType = sourcecode.c.objc; path = ViewController.m; sourceTree = "<group>"; };
		3A4282E6289D8DFD001BFCCA /* ViewController.xib */ = {isa = PBXFileReference; lastKnownFileType = file.xib; path = ViewController.xib; sourceTree = "<group>"; };
		3A4282E9289D92EF001BFCCA /* Replace.h */ = {isa = PBXFileReference; lastKnownFileType = sourcecode.c.h; path = Replace.h; sourceTree = "<group>"; };
		3A4282EA289D92EF001BFCCA /* Replace.m */ = {isa = PBXFileReference; lastKnownFileType = sourcecode.c.objc; path = Replace.m; sourceTree = "<group>"; };
/* End PBXFileReference section */

/* Begin PBXFrameworksBuildPhase section */
		3A4282C5289D8D9C001BFCCA /* Frameworks */ = {
			isa = PBXFrameworksBuildPhase;
			buildActionMask = 2147483647;
			files = (
			);
			runOnlyForDeploymentPostprocessing = 0;
		};
/* End PBXFrameworksBuildPhase section */

/* Begin PBXGroup section */
		3A4282BF289D8D9C001BFCCA = {
			isa = PBXGroup;
			children = (
				3A4282CA289D8D9C001BFCCA /* TargetForInjectDyld */,
				3A4282C9289D8D9C001BFCCA /* Products */,
			);
			sourceTree = "<group>";
		};
		3A4282C9289D8D9C001BFCCA /* Products */ = {
			isa = PBXGroup;
			children = (
				3A4282C8289D8D9C001BFCCA /* TargetForInjectDyld.app */,
			);
			name = Products;
			sourceTree = "<group>";
		};
		3A4282CA289D8D9C001BFCCA /* TargetForInjectDyld */ = {
			isa = PBXGroup;
			children = (
				3A4282CB289D8D9C001BFCCA /* AppDelegate.h */,
				3A4282CC289D8D9C001BFCCA /* AppDelegate.m */,
				3A4282E4289D8DFD001BFCCA /* ViewController.h */,
				3A4282E5289D8DFD001BFCCA /* ViewController.m */,
				3A4282E6289D8DFD001BFCCA /* ViewController.xib */,
				3A4282E9289D92EF001BFCCA /* Replace.h */,
				3A4282EA289D92EF001BFCCA /* Replace.m */,
				3A4282D7289D8D9D001BFCCA /* Assets.xcassets */,
				3A4282D9289D8D9D001BFCCA /* LaunchScreen.storyboard */,
				3A4282DC289D8D9D001BFCCA /* Info.plist */,
				3A4282DD289D8D9D001BFCCA /* main.m */,
			);
			path = TargetForInjectDyld;
			sourceTree = "<group>";
		};
/* End PBXGroup section */

/* Begin PBXNativeTarget section */
		3A4282C7289D8D9C001BFCCA /* TargetForInjectDyld */ = {
			isa = PBXNativeTarget;
			buildConfigurationList = 3A4282E1289D8D9D001BFCCA /* Build configuration list for PBXNativeTarget "TargetForInjectDyld" */;
			buildPhases = (
				3A4282C4289D8D9C001BFCCA /* Sources */,
				3A4282C5289D8D9C001BFCCA /* Frameworks */,
				3A4282C6289D8D9C001BFCCA /* Resources */,
			);
			buildRules = (
			);
			dependencies = (
			);
			name = TargetForInjectDyld;
			productName = TargetForInjectDyld;
			productReference = 3A4282C8289D8D9C001BFCCA /* TargetForInjectDyld.app */;
			productType = "com.apple.product-type.application";
		};
/* End PBXNativeTarget section */

/* Begin PBXProject section */
		3A4282C0289D8D9C001BFCCA /* Project object */ = {
			isa = PBXProject;
			attributes = {
				BuildIndependentTargetsInParallel = 1;
				LastUpgradeCheck = 1340;
				TargetAttributes = {
					3A4282C7289D8D9C001BFCCA = {
						CreatedOnToolsVersion = 13.4.1;
					};
				};
			};
			buildConfigurationList = 3A4282C3289D8D9C001BFCCA /* Build configuration list for PBXProject "TargetForInjectDyld" */;
			compatibilityVersion = "Xcode 13.0";
			developmentRegion = en;
			hasScannedForEncodings = 0;
			knownRegions = (
				en,
				Base,
			);
			mainGroup = 3A4282BF289D8D9C001BFCCA;
			productRefGroup = 3A4282C9289D8D9C001BFCCA /* Products */;
			projectDirPath = "";
			projectRoot = "";
			targets = (
				3A4282C7289D8D9C001BFCCA /* TargetForInjectDyld */,
			);
		};
/* End PBXProject section */

/* Begin PBXResourcesBuildPhase section */
		3A4282C6289D8D9C001BFCCA /* Resources */ = {
			isa = PBXResourcesBuildPhase;
			buildActionMask = 2147483647;
			files = (
				3A4282DB289D8D9D001BFCCA /* LaunchScreen.storyboard in Resources */,
				3A4282E8289D8DFD001BFCCA /* ViewController.xib in Resources */,
				3A4282D8289D8D9D001BFCCA /* Assets.xcassets in Resources */,
			);
			runOnlyForDeploymentPostprocessing = 0;
		};
/* End PBXResourcesBuildPhase section */

/* Begin PBXSourcesBuildPhase section */
		3A4282C4289D8D9C001BFCCA /* Sources */ = {
			isa = PBXSourcesBuildPhase;
			buildActionMask = 2147483647;
			files = (
				3A4282EB289D92EF001BFCCA /* Replace.m in Sources */,
				3A4282E7289D8DFD001BFCCA /* ViewController.m in Sources */,
				3A4282CD289D8D9C001BFCCA /* AppDelegate.m in Sources */,
				3A4282DE289D8D9D001BFCCA /* main.m in Sources */,
			);
			runOnlyForDeploymentPostprocessing = 0;
		};
/* End PBXSourcesBuildPhase section */

/* Begin PBXVariantGroup section */
		3A4282D9289D8D9D001BFCCA /* LaunchScreen.storyboard */ = {
			isa = PBXVariantGroup;
			children = (
				3A4282DA289D8D9D001BFCCA /* Base */,
			);
			name = LaunchScreen.storyboard;
			sourceTree = "<group>";
		};
/* End PBXVariantGroup section */

/* Begin XCBuildConfiguration section */
		3A4282DF289D8D9D001BFCCA /* Debug */ = {
			isa = XCBuildConfiguration;
			buildSettings = {
				ALWAYS_SEARCH_USER_PATHS = NO;
				CLANG_ANALYZER_NONNULL = YES;
				CLANG_ANALYZER_NUMBER_OBJECT_CONVERSION = YES_AGGRESSIVE;
				CLANG_CXX_LANGUAGE_STANDARD = "gnu++17";
				CLANG_ENABLE_MODULES = YES;
				CLANG_ENABLE_OBJC_ARC = YES;
				CLANG_ENABLE_OBJC_WEAK = YES;
				CLANG_WARN_BLOCK_CAPTURE_AUTORELEASING = YES;
				CLANG_WARN_BOOL_CONVERSION = YES;
				CLANG_WARN_COMMA = YES;
				CLANG_WARN_CONSTANT_CONVERSION = YES;
				CLANG_WARN_DEPRECATED_OBJC_IMPLEMENTATIONS = YES;
				CLANG_WARN_DIRECT_OBJC_ISA_USAGE = YES_ERROR;
				CLANG_WARN_DOCUMENTATION_COMMENTS = YES;
				CLANG_WARN_EMPTY_BODY = YES;
				CLANG_WARN_ENUM_CONVERSION = YES;
				CLANG_WARN_INFINITE_RECURSION = YES;
				CLANG_WARN_INT_CONVERSION = YES;
				CLANG_WARN_NON_LITERAL_NULL_CONVERSION = YES;
				CLANG_WARN_OBJC_IMPLICIT_RETAIN_SELF = YES;
				CLANG_WARN_OBJC_LITERAL_CONVERSION = YES;
				CLANG_WARN_OBJC_ROOT_CLASS = YES_ERROR;
				CLANG_WARN_QUOTED_INCLUDE_IN_FRAMEWORK_HEADER = YES;
				CLANG_WARN_RANGE_LOOP_ANALYSIS = YES;
				CLANG_WARN_STRICT_PROTOTYPES = YES;
				CLANG_WARN_SUSPICIOUS_MOVE = YES;
				CLANG_WARN_UNGUARDED_AVAILABILITY = YES_AGGRESSIVE;
				CLANG_WARN_UNREACHABLE_CODE = YES;
				CLANG_WARN__DUPLICATE_METHOD_MATCH = YES;
				COPY_PHASE_STRIP = NO;
				DEBUG_INFORMATION_FORMAT = dwarf;
				ENABLE_STRICT_OBJC_MSGSEND = YES;
				ENABLE_TESTABILITY = YES;
				GCC_C_LANGUAGE_STANDARD = gnu11;
				GCC_DYNAMIC_NO_PIC = NO;
				GCC_NO_COMMON_BLOCKS = YES;
				GCC_OPTIMIZATION_LEVEL = 0;
				GCC_PREPROCESSOR_DEFINITIONS = (
					"DEBUG=1",
					"$(inherited)",
				);
				GCC_WARN_64_TO_32_BIT_CONVERSION = YES;
				GCC_WARN_ABOUT_RETURN_TYPE = YES_ERROR;
				GCC_WARN_UNDECLARED_SELECTOR = YES;
				GCC_WARN_UNINITIALIZED_AUTOS = YES_AGGRESSIVE;
				GCC_WARN_UNUSED_FUNCTION = YES;
				GCC_WARN_UNUSED_VARIABLE = YES;
				IPHONEOS_DEPLOYMENT_TARGET = 11.0;
				MTL_ENABLE_DEBUG_INFO = INCLUDE_SOURCE;
				MTL_FAST_MATH = YES;
				ONLY_ACTIVE_ARCH = YES;
				SDKROOT = iphoneos;
			};
			name = Debug;
		};
		3A4282E0289D8D9D001BFCCA /* Release */ = {
			isa = XCBuildConfiguration;
			buildSettings = {
				ALWAYS_SEARCH_USER_PATHS = NO;
				CLANG_ANALYZER_NONNULL = YES;
				CLANG_ANALYZER_NUMBER_OBJECT_CONVERSION = YES_AGGRESSIVE;
				CLANG_CXX_LANGUAGE_STANDARD = "gnu++17";
				CLANG_ENABLE_MODULES = YES;
				CLANG_ENABLE_OBJC_ARC = YES;
				CLANG_ENABLE_OBJC_WEAK = YES;
				CLANG_WARN_BLOCK_CAPTURE_AUTORELEASING = YES;
				CLANG_WARN_BOOL_CONVERSION = YES;
				CLANG_WARN_COMMA = YES;
				CLANG_WARN_CONSTANT_CONVERSION = YES;
				CLANG_WARN_DEPRECATED_OBJC_IMPLEMENTATIONS = YES;
				CLANG_WARN_DIRECT_OBJC_ISA_USAGE = YES_ERROR;
				CLANG_WARN_DOCUMENTATION_COMMENTS = YES;
				CLANG_WARN_EMPTY_BODY = YES;
				CLANG_WARN_ENUM_CONVERSION = YES;
				CLANG_WARN_INFINITE_RECURSION = YES;
				CLANG_WARN_INT_CONVERSION = YES;
				CLANG_WARN_NON_LITERAL_NULL_CONVERSION = YES;
				CLANG_WARN_OBJC_IMPLICIT_RETAIN_SELF = YES;
				CLANG_WARN_OBJC_LITERAL_CONVERSION = YES;
				CLANG_WARN_OBJC_ROOT_CLASS = YES_ERROR;
				CLANG_WARN_QUOTED_INCLUDE_IN_FRAMEWORK_HEADER = YES;
				CLANG_WARN_RANGE_LOOP_ANALYSIS = YES;
				CLANG_WARN_STRICT_PROTOTYPES = YES;
				CLANG_WARN_SUSPICIOUS_MOVE = YES;
				CLANG_WARN_UNGUARDED_AVAILABILITY = YES_AGGRESSIVE;
				CLANG_WARN_UNREACHABLE_CODE = YES;
				CLANG_WARN__DUPLICATE_METHOD_MATCH = YES;
				COPY_PHASE_STRIP = NO;
				DEBUG_INFORMATION_FORMAT = "dwarf-with-dsym";
				ENABLE_NS_ASSERTIONS = NO;
				ENABLE_STRICT_OBJC_MSGSEND = YES;
				GCC_C_LANGUAGE_STANDARD = gnu11;
				GCC_NO_COMMON_BLOCKS = YES;
				GCC_WARN_64_TO_32_BIT_CONVERSION = YES;
				GCC_WARN_ABOUT_RETURN_TYPE = YES_ERROR;
				GCC_WARN_UNDECLARED_SELECTOR = YES;
				GCC_WARN_UNINITIALIZED_AUTOS = YES_AGGRESSIVE;
				GCC_WARN_UNUSED_FUNCTION = YES;
				GCC_WARN_UNUSED_VARIABLE = YES;
				IPHONEOS_DEPLOYMENT_TARGET = 11.0;
				MTL_ENABLE_DEBUG_INFO = NO;
				MTL_FAST_MATH = YES;
				SDKROOT = iphoneos;
				VALIDATE_PRODUCT = YES;
			};
			name = Release;
		};
		3A4282E2289D8D9D001BFCCA /* Debug */ = {
			isa = XCBuildConfiguration;
			buildSettings = {
				ASSETCATALOG_COMPILER_APPICON_NAME = AppIcon;
				ASSETCATALOG_COMPILER_GLOBAL_ACCENT_COLOR_NAME = AccentColor;
				CODE_SIGN_STYLE = Automatic;
				CURRENT_PROJECT_VERSION = 1;
				DEVELOPMENT_TEAM = 38D3676P2T;
				GENERATE_INFOPLIST_FILE = YES;
				INFOPLIST_FILE = TargetForInjectDyld/Info.plist;
				INFOPLIST_KEY_UIApplicationSupportsIndirectInputEvents = YES;
				INFOPLIST_KEY_UILaunchStoryboardName = LaunchScreen;
				INFOPLIST_KEY_UISupportedInterfaceOrientations = UIInterfaceOrientationPortrait;
				INFOPLIST_KEY_UISupportedInterfaceOrientations_iPad = "UIInterfaceOrientationPortrait UIInterfaceOrientationPortraitUpsideDown UIInterfaceOrientationLandscapeLeft UIInterfaceOrientationLandscapeRight";
				INFOPLIST_KEY_UISupportedInterfaceOrientations_iPhone = "UIInterfaceOrientationPortrait UIInterfaceOrientationLandscapeLeft UIInterfaceOrientationLandscapeRight";
				LD_RUNPATH_SEARCH_PATHS = (
					"$(inherited)",
					"@executable_path/Frameworks",
				);
				MARKETING_VERSION = 1.0;
				PRODUCT_BUNDLE_IDENTIFIER = cn.jobs8.TargetForInjectDyld;
				PRODUCT_NAME = "$(TARGET_NAME)";
				SWIFT_EMIT_LOC_STRINGS = YES;
				TARGETED_DEVICE_FAMILY = 1;
			};
			name = Debug;
		};
		3A4282E3289D8D9D001BFCCA /* Release */ = {
			isa = XCBuildConfiguration;
			buildSettings = {
				ASSETCATALOG_COMPILER_APPICON_NAME = AppIcon;
				ASSETCATALOG_COMPILER_GLOBAL_ACCENT_COLOR_NAME = AccentColor;
				CODE_SIGN_STYLE = Automatic;
				CURRENT_PROJECT_VERSION = 1;
				DEVELOPMENT_TEAM = 38D3676P2T;
				GENERATE_INFOPLIST_FILE = YES;
				INFOPLIST_FILE = TargetForInjectDyld/Info.plist;
				INFOPLIST_KEY_UIApplicationSupportsIndirectInputEvents = YES;
				INFOPLIST_KEY_UILaunchStoryboardName = LaunchScreen;
				INFOPLIST_KEY_UISupportedInterfaceOrientations = UIInterfaceOrientationPortrait;
				INFOPLIST_KEY_UISupportedInterfaceOrientations_iPad = "UIInterfaceOrientationPortrait UIInterfaceOrientationPortraitUpsideDown UIInterfaceOrientationLandscapeLeft UIInterfaceOrientationLandscapeRight";
				INFOPLIST_KEY_UISupportedInterfaceOrientations_iPhone = "UIInterfaceOrientationPortrait UIInterfaceOrientationLandscapeLeft UIInterfaceOrientationLandscapeRight";
				LD_RUNPATH_SEARCH_PATHS = (
					"$(inherited)",
					"@executable_path/Frameworks",
				);
				MARKETING_VERSION = 1.0;
				PRODUCT_BUNDLE_IDENTIFIER = cn.jobs8.TargetForInjectDyld;
				PRODUCT_NAME = "$(TARGET_NAME)";
				SWIFT_EMIT_LOC_STRINGS = YES;
				TARGETED_DEVICE_FAMILY = 1;
			};
			name = Release;
		};
/* End XCBuildConfiguration section */

/* Begin XCConfigurationList section */
		3A4282C3289D8D9C001BFCCA /* Build configuration list for PBXProject "TargetForInjectDyld" */ = {
			isa = XCConfigurationList;
			buildConfigurations = (
				3A4282DF289D8D9D001BFCCA /* Debug */,
				3A4282E0289D8D9D001BFCCA /* Release */,
			);
			defaultConfigurationIsVisible = 0;
			defaultConfigurationName = Release;
		};
		3A4282E1289D8D9D001BFCCA /* Build configuration list for PBXNativeTarget "TargetForInjectDyld" */ = {
			isa = XCConfigurationList;
			buildConfigurations = (
				3A4282E2289D8D9D001BFCCA /* Debug */,
				3A4282E3289D8D9D001BFCCA /* Release */,
			);
			defaultConfigurationIsVisible = 0;
			defaultConfigurationName = Release;
		};
/* End XCConfigurationList section */
	};
	rootObject = 3A4282C0289D8D9C001BFCCA /* Project object */;
}
